# This file is automatically @generated by Cargo.
# It is not intended for manual editing.
[[package]]
name = "autocfg"
version = "1.5.1"
source = "registry+https://github.com/rust-lang/crates.io-index"

[[package]]
name = "bpaf"
version = "0.9.26"
source = "registry+https://github.com/rust-lang/crates.io-index"

[[package]]
name = "cast"
version = "0.3.0"
source = "registry+https://github.com/rust-lang/crates.io-index"

[[package]]
name = "cfg-if"
version = "1.0.4"
source = "registry+https://github.com/rust-lang/crates.io-index"

[[package]]
name = "ciborium"
version = "0.2.2"
source = "registry+https://github.com/rust-lang/crates.io-index"
dependencies = [
 "ciborium-io 0.2.2 (registry+https://github.com/rust-lang/crates.io-index)",
 "ciborium-ll 0.2.2 (registry+https://github.com/rust-lang/crates.io-index)",
 "serde 1.0.228 (registry+https://github.com/rust-lang/crates.io-index)",
]

[[package]]
name = "ciborium-io"
version = "0.2.2"
source = "registry+https://github.com/rust-lang/crates.io-index"

[[package]]
name = "ciborium-ll"
version = "0.2.2"
source = "registry+https://github.com/rust-lang/crates.io-index"
dependencies = [
 "ciborium-io 0.2.2 (registry+https://github.com/rust-lang/crates.io-index)",
 "half 2.7.1 (registry+https://github.com/rust-lang/crates.io-index)",
]

[[package]]
name = "criterion2"
version = "3.0.4"
source = "registry+https://github.com/rust-lang/crates.io-index"
dependencies = [
 "bpaf 0.9.26 (registry+https://github.com/rust-lang/crates.io-index)",
 "cast 0.3.0 (registry+https://github.com/rust-lang/crates.io-index)",
 "ciborium 0.2.2 (registry+https://github.com/rust-lang/crates.io-index)",
 "num-traits 0.2.19 (registry+https://github.com/rust-lang/crates.io-index)",
 "oorandom 11.1.5 (registry+https://github.com/rust-lang/crates.io-index)",
 "rayon 1.12.0 (registry+https://github.com/rust-lang/crates.io-index)",
 "serde 1.0.228 (registry+https://github.com/rust-lang/crates.io-index)",
 "serde_json 1.0.150 (registry+https://github.com/rust-lang/crates.io-index)",
]

[[package]]
name = "crossbeam-deque"
version = "0.8.7"
source = "registry+https://github.com/rust-lang/crates.io-index"
dependencies = [
 "crossbeam-epoch 0.9.20 (registry+https://github.com/rust-lang/crates.io-index)",
 "crossbeam-utils 0.8.22 (registry+https://github.com/rust-lang/crates.io-index)",
]

[[package]]
name = "crossbeam-epoch"
version = "0.9.20"
source = "registry+https://github.com/rust-lang/crates.io-index"
dependencies = [
 "crossbeam-utils 0.8.22 (registry+https://github.com/rust-lang/crates.io-index)",
]

[[package]]
name = "crossbeam-utils"
version = "0.8.22"
source = "registry+https://github.com/rust-lang/crates.io-index"

[[package]]
name = "crunchy"
version = "0.2.4"
source = "registry+https://github.com/rust-lang/crates.io-index"

[[package]]
name = "either"
version = "1.16.0"
source = "registry+https://github.com/rust-lang/crates.io-index"

[[package]]
name = "half"
version = "2.7.1"
source = "registry+https://github.com/rust-lang/crates.io-index"
dependencies = [
 "cfg-if 1.0.4 (registry+https://github.com/rust-lang/crates.io-index)",
 "crunchy 0.2.4 (registry+https://github.com/rust-lang/crates.io-index)",
 "zerocopy 0.8.54 (registry+https://github.com/rust-lang/crates.io-index)",
]

[[package]]
name = "itoa"
version = "1.0.18"
source = "registry+https://github.com/rust-lang/crates.io-index"

[[package]]
name = "memchr"
version = "2.8.3"
source = "registry+https://github.com/rust-lang/crates.io-index"

[[package]]
name = "num-traits"
version = "0.2.19"
source = "registry+https://github.com/rust-lang/crates.io-index"
dependencies = [
 "autocfg 1.5.1 (registry+https://github.com/rust-lang/crates.io-index)",
]

[[package]]
name = "oorandom"
version = "11.1.5"
source = "registry+https://github.com/rust-lang/crates.io-index"

[[package]]
name = "proc-macro2"
version = "1.0.106"
source = "registry+https://github.com/rust-lang/crates.io-index"
dependencies = [
 "unicode-ident 1.0.24 (registry+https://github.com/rust-lang/crates.io-index)",
]

[[package]]
name = "quote"
version = "1.0.46"
source = "registry+https://github.com/rust-lang/crates.io-index"
dependencies = [
 "proc-macro2 1.0.106 (registry+https://github.com/rust-lang/crates.io-index)",
]

[[package]]
name = "rayon"
version = "1.12.0"
source = "registry+https://github.com/rust-lang/crates.io-index"
dependencies = [
 "either 1.16.0 (registry+https://github.com/rust-lang/crates.io-index)",
 "rayon-core 1.13.0 (registry+https://github.com/rust-lang/crates.io-index)",
]

[[package]]
name = "rayon-core"
version = "1.13.0"
source = "registry+https://github.com/rust-lang/crates.io-index"
dependencies = [
 "crossbeam-deque 0.8.7 (registry+https://github.com/rust-lang/crates.io-index)",
 "crossbeam-utils 0.8.22 (registry+https://github.com/rust-lang/crates.io-index)",
]

[[package]]
name = "serde"
version = "1.0.228"
source = "registry+https://github.com/rust-lang/crates.io-index"
dependencies = [
 "serde_core 1.0.228 (registry+https://github.com/rust-lang/crates.io-index)",
 "serde_derive 1.0.228 (registry+https://github.com/rust-lang/crates.io-index)",
]

[[package]]
name = "serde_core"
version = "1.0.228"
source = "registry+https://github.com/rust-lang/crates.io-index"
dependencies = [
 "serde_derive 1.0.228 (registry+https://github.com/rust-lang/crates.io-index)",
]

[[package]]
name = "serde_derive"
version = "1.0.228"
source = "registry+https://github.com/rust-lang/crates.io-index"
dependencies = [
 "proc-macro2 1.0.106 (registry+https://github.com/rust-lang/crates.io-index)",
 "quote 1.0.46 (registry+https://github.com/rust-lang/crates.io-index)",
 "syn 2.0.118 (registry+https://github.com/rust-lang/crates.io-index)",
]

[[package]]
name = "serde_json"
version = "1.0.150"
source = "registry+https://github.com/rust-lang/crates.io-index"
dependencies = [
 "itoa 1.0.18 (registry+https://github.com/rust-lang/crates.io-index)",
 "memchr 2.8.3 (registry+https://github.com/rust-lang/crates.io-index)",
 "serde 1.0.228 (registry+https://github.com/rust-lang/crates.io-index)",
 "serde_core 1.0.228 (registry+https://github.com/rust-lang/crates.io-index)",
 "zmij 1.0.21 (registry+https://github.com/rust-lang/crates.io-index)",
]

[[package]]
name = "syn"
version = "2.0.118"
source = "registry+https://github.com/rust-lang/crates.io-index"
dependencies = [
 "proc-macro2 1.0.106 (registry+https://github.com/rust-lang/crates.io-index)",
 "quote 1.0.46 (registry+https://github.com/rust-lang/crates.io-index)",
 "unicode-ident 1.0.24 (registry+https://github.com/rust-lang/crates.io-index)",
]

[[package]]
name = "unicode-id"
version = "0.3.6"
dependencies = [
 "criterion2 3.0.4 (registry+https://github.com/rust-lang/crates.io-index)",
]

[[package]]
name = "unicode-ident"
version = "1.0.24"
source = "registry+https://github.com/rust-lang/crates.io-index"

[[package]]
name = "zerocopy"
version = "0.8.54"
source = "registry+https://github.com/rust-lang/crates.io-index"
dependencies = [
 "zerocopy-derive 0.8.54 (registry+https://github.com/rust-lang/crates.io-index)",
]

[[package]]
name = "zerocopy-derive"
version = "0.8.54"
source = "registry+https://github.com/rust-lang/crates.io-index"
dependencies = [
 "proc-macro2 1.0.106 (registry+https://github.com/rust-lang/crates.io-index)",
 "quote 1.0.46 (registry+https://github.com/rust-lang/crates.io-index)",
 "syn 2.0.118 (registry+https://github.com/rust-lang/crates.io-index)",
]

[[package]]
name = "zmij"
version = "1.0.21"
source = "registry+https://github.com/rust-lang/crates.io-index"

[metadata]
"checksum autocfg 1.5.1 (registry+https://github.com/rust-lang/crates.io-index)" = "f2032f911046de80f0a198e0901378627c33f59ea0ac00e363d481118bd70a53"
"checksum bpaf 0.9.26 (registry+https://github.com/rust-lang/crates.io-index)" = "0b86829876e7e200161a5aa6ea688d46c32d64d70ee3100127790dde84688d6e"
"checksum cast 0.3.0 (registry+https://github.com/rust-lang/crates.io-index)" = "37b2a672a2cb129a2e41c10b1224bb368f9f37a2b16b612598138befd7b37eb5"
"checksum cfg-if 1.0.4 (registry+https://github.com/rust-lang/crates.io-index)" = "9330f8b2ff13f34540b44e946ef35111825727b38d33286ef986142615121801"
"checksum ciborium 0.2.2 (registry+https://github.com/rust-lang/crates.io-index)" = "42e69ffd6f0917f5c029256a24d0161db17cea3997d185db0d35926308770f0e"
"checksum ciborium-io 0.2.2 (registry+https://github.com/rust-lang/crates.io-index)" = "05afea1e0a06c9be33d539b876f1ce3692f4afea2cb41f740e7743225ed1c757"
"checksum ciborium-ll 0.2.2 (registry+https://github.com/rust-lang/crates.io-index)" = "57663b653d948a338bfb3eeba9bb2fd5fcfaecb9e199e87e1eda4d9e8b240fd9"
"checksum criterion2 3.0.4 (registry+https://github.com/rust-lang/crates.io-index)" = "b961b72d7eaf7444d1eb98d353d5c2aa08e2443d77fef6bff0e6e97064162482"
"checksum crossbeam-deque 0.8.7 (registry+https://github.com/rust-lang/crates.io-index)" = "5181e0de7b61eb03a81e347d6dd8797bae9da5146707b51077e2d71a54ec0ceb"
"checksum crossbeam-epoch 0.9.20 (registry+https://github.com/rust-lang/crates.io-index)" = "2d6914041f254d6e9176c01941b21115dcfb7089e55135a35411081bd106ef3f"
"checksum crossbeam-utils 0.8.22 (registry+https://github.com/rust-lang/crates.io-index)" = "61803da095bee82a81bb1a452ecc25d3b2f1416d1897eb86430c6159ef717c17"
"checksum crunchy 0.2.4 (registry+https://github.com/rust-lang/crates.io-index)" = "460fbee9c2c2f33933d720630a6a0bac33ba7053db5344fac858d4b8952d77d5"
"checksum either 1.16.0 (registry+https://github.com/rust-lang/crates.io-index)" = "91622ff5e7162018101f2fea40d6ebf4a78bbe5a49736a2020649edf9693679e"
"checksum half 2.7.1 (registry+https://github.com/rust-lang/crates.io-index)" = "6ea2d84b969582b4b1864a92dc5d27cd2b77b622a8d79306834f1be5ba20d84b"
"checksum itoa 1.0.18 (registry+https://github.com/rust-lang/crates.io-index)" = "8f42a60cbdf9a97f5d2305f08a87dc4e09308d1276d28c869c684d7777685682"
"checksum memchr 2.8.3 (registry+https://github.com/rust-lang/crates.io-index)" = "cf8baf1c55e62ffcace7a9f06f4bd9cd3f0c4beb022d3b367256b91b87513d98"
"checksum num-traits 0.2.19 (registry+https://github.com/rust-lang/crates.io-index)" = "071dfc062690e90b734c0b2273ce72ad0ffa95f0c74596bc250dcfd960262841"
"checksum oorandom 11.1.5 (registry+https://github.com/rust-lang/crates.io-index)" = "d6790f58c7ff633d8771f42965289203411a5e5c68388703c06e14f24770b41e"
"checksum proc-macro2 1.0.106 (registry+https://github.com/rust-lang/crates.io-index)" = "8fd00f0bb2e90d81d1044c2b32617f68fcb9fa3bb7640c23e9c748e53fb30934"
"checksum quote 1.0.46 (registry+https://github.com/rust-lang/crates.io-index)" = "dfbc457d0c7a0759a614551b11a6409e5951f6c7537be1f1b7682b9ae9230368"
"checksum rayon 1.12.0 (registry+https://github.com/rust-lang/crates.io-index)" = "fb39b166781f92d482534ef4b4b1b2568f42613b53e5b6c160e24cfbfa30926d"
"checksum rayon-core 1.13.0 (registry+https://github.com/rust-lang/crates.io-index)" = "22e18b0f0062d30d4230b2e85ff77fdfe4326feb054b9783a3460d8435c8ab91"
"checksum serde 1.0.228 (registry+https://github.com/rust-lang/crates.io-index)" = "9a8e94ea7f378bd32cbbd37198a4a91436180c5bb472411e48b5ec2e2124ae9e"
"checksum serde_core 1.0.228 (registry+https://github.com/rust-lang/crates.io-index)" = "41d385c7d4ca58e59fc732af25c3983b67ac852c1a25000afe1175de458b67ad"
"checksum serde_derive 1.0.228 (registry+https://github.com/rust-lang/crates.io-index)" = "d540f220d3187173da220f885ab66608367b6574e925011a9353e4badda91d79"
"checksum serde_json 1.0.150 (registry+https://github.com/rust-lang/crates.io-index)" = "e8014e44b4736ed0538adeecded0fce2a272f22dc9578a7eb6b2d9993c74cfb9"
"checksum syn 2.0.118 (registry+https://github.com/rust-lang/crates.io-index)" = "1b9ae57f904213ebb649ce6895b8a66c66f0203b9319718f69a5612a065b1422"
"checksum unicode-ident 1.0.24 (registry+https://github.com/rust-lang/crates.io-index)" = "e6e4313cd5fcd3dad5cafa179702e2b244f760991f45397d14d4ebf38247da75"
"checksum zerocopy 0.8.54 (registry+https://github.com/rust-lang/crates.io-index)" = "b7cbbc0a705a0fd05cc3676525980d2bf5a9bc4adac6d6475209a7887cf59d19"
"checksum zerocopy-derive 0.8.54 (registry+https://github.com/rust-lang/crates.io-index)" = "e2e817b7b52d0c7358d3246da9d69935ebb18116b2b102b4230dac079b4862f5"
"checksum zmij 1.0.21 (registry+https://github.com/rust-lang/crates.io-index)" = "b8848ee67ecc8aedbaf3e4122217aff892639231befc6a1b58d29fff4c2cabaa"
